PODS:
  - "!ProtoCompiler (3.11.2)":
    - Protobuf (~> 3.0)
  - "!ProtoCompiler-gRPCPlugin (1.27.0)":
    - "!ProtoCompiler (= 3.11.2)"
    - gRPC-ProtoRPC (= 1.27.0)
  - abseil/algorithm/algorithm (0.20190808.1)
  - abseil/base/atomic_hook (0.20190808.1)
  - abseil/base/base (0.20190808.1):
    - abseil/base/atomic_hook
    - abseil/base/base_internal
    - abseil/base/config
    - abseil/base/core_headers
    - abseil/base/dynamic_annotations
    - abseil/base/log_severity
    - abseil/base/spinlock_wait
    - abseil/meta/type_traits
  - abseil/base/base_internal (0.20190808.1):
    - abseil/meta/type_traits
  - abseil/base/bits (0.20190808.1):
    - abseil/base/core_headers
  - abseil/base/config (0.20190808.1)
  - abseil/base/core_headers (0.20190808.1):
    - abseil/base/config
  - abseil/base/dynamic_annotations (0.20190808.1)
  - abseil/base/endian (0.20190808.1):
    - abseil/base/config
    - abseil/base/core_headers
  - abseil/base/log_severity (0.20190808.1):
    - abseil/base/core_headers
  - abseil/base/spinlock_wait (0.20190808.1):
    - abseil/base/core_headers
  - abseil/base/throw_delegate (0.20190808.1):
    - abseil/base/base
    - abseil/base/config
  - abseil/container/compressed_tuple (0.20190808.1):
    - abseil/utility/utility
  - abseil/container/inlined_vector (0.20190808.1):
    - abseil/algorithm/algorithm
    - abseil/base/core_headers
    - abseil/base/throw_delegate
    - abseil/container/inlined_vector_internal
    - abseil/memory/memory
  - abseil/container/inlined_vector_internal (0.20190808.1):
    - abseil/base/core_headers
    - abseil/container/compressed_tuple
    - abseil/memory/memory
    - abseil/meta/type_traits
    - abseil/types/span
  - abseil/memory/memory (0.20190808.1):
    - abseil/base/core_headers
    - abseil/meta/type_traits
  - abseil/meta/type_traits (0.20190808.1):
    - abseil/base/config
  - abseil/numeric/int128 (0.20190808.1):
    - abseil/base/config
    - abseil/base/core_headers
  - abseil/strings/internal (0.20190808.1):
    - abseil/base/core_headers
    - abseil/base/endian
    - abseil/meta/type_traits
  - abseil/strings/strings (0.20190808.1):
    - abseil/base/base
    - abseil/base/bits
    - abseil/base/config
    - abseil/base/core_headers
    - abseil/base/endian
    - abseil/base/throw_delegate
    - abseil/memory/memory
    - abseil/meta/type_traits
    - abseil/numeric/int128
    - abseil/strings/internal
  - abseil/types/bad_optional_access (0.20190808.1):
    - abseil/base/base
    - abseil/base/config
  - abseil/types/optional (0.20190808.1):
    - abseil/base/base_internal
    - abseil/base/config
    - abseil/base/core_headers
    - abseil/memory/memory
    - abseil/meta/type_traits
    - abseil/types/bad_optional_access
    - abseil/utility/utility
  - abseil/types/span (0.20190808.1):
    - abseil/algorithm/algorithm
    - abseil/base/core_headers
    - abseil/base/throw_delegate
    - abseil/meta/type_traits
  - abseil/utility/utility (0.20190808.1):
    - abseil/base/base_internal
    - abseil/base/config
    - abseil/meta/type_traits
  - AFNetworking (3.2.1):
    - AFNetworking/NSURLSession (= 3.2.1)
    - AFNetworking/Reachability (= 3.2.1)
    - AFNetworking/Security (= 3.2.1)
    - AFNetworking/Serialization (= 3.2.1)
    - AFNetworking/UIKit (= 3.2.1)
  - AFNetworking/NSURLSession (3.2.1):
    - AFNetworking/Reachability
    - AFNetworking/Security
    - AFNetworking/Serialization
  - AFNetworking/Reachability (3.2.1)
  - AFNetworking/Security (3.2.1)
  - AFNetworking/Serialization (3.2.1)
  - AFNetworking/UIKit (3.2.1):
    - AFNetworking/NSURLSession
  - BoringSSL-GRPC (0.0.5):
    - BoringSSL-GRPC/Implementation (= 0.0.5)
    - BoringSSL-GRPC/Interface (= 0.0.5)
  - BoringSSL-GRPC/Implementation (0.0.5):
    - BoringSSL-GRPC/Interface (= 0.0.5)
  - BoringSSL-GRPC/Interface (0.0.5)
  - Firebase/AdMob (5.20.2):
    - Firebase/Core
    - Google-Mobile-Ads-SDK (~> 7.42)
  - Firebase/Auth (5.20.2):
    - Firebase/CoreOnly
    - FirebaseAuth (= 5.4.2)
  - Firebase/Core (5.20.2):
    - Firebase/CoreOnly
    - FirebaseAnalytics (= 5.8.1)
  - Firebase/CoreOnly (5.20.2):
    - FirebaseCore (= 5.4.1)
  - Firebase/Crash (5.20.2):
    - Firebase/Core
    - FirebaseCrash (= 3.1.1)
  - Firebase/Database (5.20.2):
    - Firebase/CoreOnly
    - FirebaseDatabase (= 5.1.1)
  - Firebase/RemoteConfig (5.20.2):
    - Firebase/Core
    - FirebaseRemoteConfig (= 3.1.0)
  - FirebaseABTesting (2.0.0):
    - FirebaseCore (~> 5.0)
    - Protobuf (~> 3.5)
  - FirebaseAnalytics (5.8.1):
    - FirebaseCore (~> 5.4)
    - FirebaseInstanceID (~> 3.8)
    - GoogleAppMeasurement (= 5.8.1)
    - GoogleUtilities/AppDelegateSwizzler (~> 5.2)
    - GoogleUtilities/MethodSwizzler (~> 5.2)
    - GoogleUtilities/Network (~> 5.2)
    - "GoogleUtilities/NSData+zlib (~> 5.2)"
    - nanopb (~> 0.3)
  - FirebaseAuth (5.4.2):
    - FirebaseAuthInterop (~> 1.0)
    - FirebaseCore (~> 5.2)
    - GoogleUtilities/Environment (~> 5.2)
    - GTMSessionFetcher/Core (~> 1.1)
  - FirebaseAuthInterop (1.1.0)
  - FirebaseCore (5.4.1):
    - GoogleUtilities/Environment (~> 5.2)
    - GoogleUtilities/Logger (~> 5.2)
  - FirebaseCrash (3.1.1):
    - FirebaseAnalytics (~> 5.1)
    - FirebaseInstanceID (~> 3.2)
    - GoogleToolboxForMac/Logger (~> 2.1)
    - "GoogleToolboxForMac/NSData+zlib (~> 2.1)"
    - Protobuf (~> 3.5)
  - FirebaseDatabase (5.1.1):
    - FirebaseAuthInterop (~> 1.0)
    - FirebaseCore (~> 5.2)
    - leveldb-library (~> 1.18)
  - FirebaseInstanceID (3.8.1):
    - FirebaseCore (~> 5.2)
    - GoogleUtilities/Environment (~> 5.2)
    - GoogleUtilities/UserDefaults (~> 5.2)
  - FirebaseRemoteConfig (3.1.0):
    - FirebaseABTesting (~> 2.0)
    - FirebaseAnalytics (~> 5.3)
    - FirebaseCore (~> 5.1)
    - FirebaseInstanceID (~> 3.3)
    - GoogleUtilities/Environment (~> 5.2)
    - "GoogleUtilities/NSData+zlib (~> 5.2)"
    - Protobuf (~> 3.5)
  - Google-Mobile-Ads-SDK (7.43.0):
    - GoogleAppMeasurement (~> 5.7)
  - googleapis (0.0.1):
    - "!ProtoCompiler-gRPCPlugin (~> 1.0)"
    - googleapis/Messages (= 0.0.1)
    - googleapis/Services (= 0.0.1)
  - googleapis/Messages (0.0.1):
    - "!ProtoCompiler-gRPCPlugin (~> 1.0)"
    - Protobuf
  - googleapis/Services (0.0.1):
    - "!ProtoCompiler-gRPCPlugin (~> 1.0)"
    - googleapis/Messages
    - gRPC-ProtoRPC
  - GoogleAppMeasurement (5.8.1):
    - GoogleUtilities/AppDelegateSwizzler (~> 5.2)
    - GoogleUtilities/MethodSwizzler (~> 5.2)
    - GoogleUtilities/Network (~> 5.2)
    - "GoogleUtilities/NSData+zlib (~> 5.2)"
    - nanopb (~> 0.3)
  - GoogleToolboxForMac/Defines (2.2.2)
  - GoogleToolboxForMac/Logger (2.2.2):
    - GoogleToolboxForMac/Defines (= 2.2.2)
  - "GoogleToolboxForMac/NSData+zlib (2.2.2)":
    - GoogleToolboxForMac/Defines (= 2.2.2)
  - GoogleUtilities/AppDelegateSwizzler (5.8.0):
    - GoogleUtilities/Environment
    - GoogleUtilities/Logger
    - GoogleUtilities/Network
  - GoogleUtilities/Environment (5.8.0)
  - GoogleUtilities/Logger (5.8.0):
    - GoogleUtilities/Environment
  - GoogleUtilities/MethodSwizzler (5.8.0):
    - GoogleUtilities/Logger
  - GoogleUtilities/Network (5.8.0):
    - GoogleUtilities/Logger
    - "GoogleUtilities/NSData+zlib"
    - GoogleUtilities/Reachability
  - "GoogleUtilities/NSData+zlib (5.8.0)"
  - GoogleUtilities/Reachability (5.8.0):
    - GoogleUtilities/Logger
  - GoogleUtilities/UserDefaults (5.8.0):
    - GoogleUtilities/Logger
  - gRPC-Core (1.27.0):
    - gRPC-Core/Implementation (= 1.27.0)
    - gRPC-Core/Interface (= 1.27.0)
  - gRPC-Core/Implementation (1.27.0):
    - abseil/container/inlined_vector (= 0.20190808.1)
    - abseil/strings/strings (= 0.20190808.1)
    - abseil/types/optional (= 0.20190808.1)
    - BoringSSL-GRPC (= 0.0.5)
    - gRPC-Core/Interface (= 1.27.0)
  - gRPC-Core/Interface (1.27.0)
  - gRPC-ProtoRPC (1.27.0):
    - gRPC-ProtoRPC/Legacy (= 1.27.0)
    - gRPC-ProtoRPC/Legacy-Header (= 1.27.0)
    - gRPC-ProtoRPC/Main (= 1.27.0)
  - gRPC-ProtoRPC/Legacy (1.27.0):
    - gRPC-ProtoRPC/Legacy-Header (= 1.27.0)
    - gRPC-ProtoRPC/Main (= 1.27.0)
    - gRPC-RxLibrary (= 1.27.0)
    - gRPC/GRPCCore (= 1.27.0)
    - Protobuf (~> 3.0)
  - gRPC-ProtoRPC/Legacy-Header (1.27.0)
  - gRPC-ProtoRPC/Main (1.27.0):
    - gRPC-ProtoRPC/Legacy-Header (= 1.27.0)
    - gRPC/Interface (= 1.27.0)
    - Protobuf (~> 3.0)
  - gRPC-RxLibrary (1.27.0):
    - gRPC-RxLibrary/Implementation (= 1.27.0)
    - gRPC-RxLibrary/Interface (= 1.27.0)
  - gRPC-RxLibrary/Implementation (1.27.0):
    - gRPC-RxLibrary/Interface
  - gRPC-RxLibrary/Interface (1.27.0)
  - gRPC/GRPCCore (1.27.0):
    - gRPC-Core (= 1.27.0)
    - gRPC-RxLibrary (= 1.27.0)
    - gRPC/Interface (= 1.27.0)
    - gRPC/Interface-Legacy (= 1.27.0)
  - gRPC/Interface (1.27.0):
    - gRPC/Interface-Legacy (= 1.27.0)
  - gRPC/Interface-Legacy (1.27.0):
    - gRPC-RxLibrary/Interface (= 1.27.0)
  - GTMSessionFetcher/Core (1.3.1)
  - leveldb-library (1.22)
  - nanopb (0.3.9011):
    - nanopb/decode (= 0.3.9011)
    - nanopb/encode (= 0.3.9011)
  - nanopb/decode (0.3.9011)
  - nanopb/encode (0.3.9011)
  - Protobuf (3.11.4)

DEPENDENCIES:
  - AFNetworking (~> 3.0)
  - Firebase/AdMob
  - Firebase/Auth
  - Firebase/Core
  - Firebase/Crash
  - Firebase/Database
  - Firebase/RemoteConfig
  - googleapis (from `.`)

SPEC REPOS:
  trunk:
    - "!ProtoCompiler"
    - "!ProtoCompiler-gRPCPlugin"
    - abseil
    - AFNetworking
    - BoringSSL-GRPC
    - Firebase
    - FirebaseABTesting
    - FirebaseAnalytics
    - FirebaseAuth
    - FirebaseAuthInterop
    - FirebaseCore
    - FirebaseCrash
    - FirebaseDatabase
    - FirebaseInstanceID
    - FirebaseRemoteConfig
    - Google-Mobile-Ads-SDK
    - GoogleAppMeasurement
    - GoogleToolboxForMac
    - GoogleUtilities
    - gRPC
    - gRPC-Core
    - gRPC-ProtoRPC
    - gRPC-RxLibrary
    - GTMSessionFetcher
    - leveldb-library
    - nanopb
    - Protobuf

EXTERNAL SOURCES:
  googleapis:
    :path: "."

SPEC CHECKSUMS:
  "!ProtoCompiler": da24805d8339f352ec7bb4cb4df2db6a3be45665
  "!ProtoCompiler-gRPCPlugin": f391d1b326229c16a05ca3d2611f28d66b9ed9fb
  abseil: 88704f97dbfdb436f29ea8deb788a46c5115f581
  AFNetworking: b6f891fdfaed196b46c7a83cf209e09697b94057
  BoringSSL-GRPC: 8f2c6b5fbae71d1f3aabb787a52fd4929d1eef33
  Firebase: 0c8cf33f266410c61ab3e2265cfa412200351d9c
  FirebaseABTesting: 1f50b8d50f5e3469eea54e7463a7b7fe221d1f5e
  FirebaseAnalytics: ece1aa57a4f43c64d53a648b5a5e05151aae947b
  FirebaseAuth: dd7bbf03a5aee0eafb3a1aee4d2812bd74bac890
  FirebaseAuthInterop: a0f37ae05833af156e72028f648d313f7e7592e9
  FirebaseCore: f1a9a8be1aee4bf71a2fc0f4096df6788bdfda61
  FirebaseCrash: 011365f2c0dfac64315109103ed350bacfcdc03f
  FirebaseDatabase: 2c15b0ea6f2c6eb5e57413f9d6340f1e50b81ae3
  FirebaseInstanceID: a122b0c258720cf250551bb2bedf48c699f80d90
  FirebaseRemoteConfig: 7e11c65f0769c09bff6947997c209515058c5318
  Google-Mobile-Ads-SDK: e911f5544fc6488f8372a183627a802c8bdb5e36
  googleapis: 4a1ccc37f91588665528a670f62350c00a352c61
  GoogleAppMeasurement: ffe513e90551844a739e7bcbb1d2aca1c28a4338
  GoogleToolboxForMac: 800648f8b3127618c1b59c7f97684427630c5ea3
  GoogleUtilities: 04fce34bcd5620c1ee76fb79172105c74a4df335
  gRPC: 5001a90441b0bbb1d48afa36c9461ebc381bcb6a
  gRPC-Core: 1f6b96422c8978621b199d30be9d8254d873f307
  gRPC-ProtoRPC: 674a6d9bbf1e184077651d7412b9d5e76a8fb36b
  gRPC-RxLibrary: 46eef33e55e9cf6b7a21cb60dd034175a38ece40
  GTMSessionFetcher: cea130bbfe5a7edc8d06d3f0d17288c32ffe9925
  leveldb-library: 55d93ee664b4007aac644a782d11da33fba316f7
  nanopb: 18003b5e52dab79db540fe93fe9579f399bd1ccd
  Protobuf: 176220c526ad8bd09ab1fb40a978eac3fef665f7

PODFILE CHECKSUM: c8de21c5aa79c96f0d6902a87cb714977e8845a0

COCOAPODS: 1.9.1
